// !$*UTF8*$!
{
	archiveVersion = 1;
	classes = {
	};
	objectVersion = 50;
	objects = {

/* Begin PBXBuildFile section */
		965BD3C526412F8000CFBCC5 /* Array+safe.swift in Sources */ = {isa = PBXBuildFile; fileRef = 965BD3C426412F8000CFBCC5 /* Array+safe.swift */; };
		96743582263AC32700914AEB /* ViewModel.swift in Sources */ = {isa = PBXBuildFile; fileRef = 96743581263AC32700914AEB /* ViewModel.swift */; };
		969AEF3326413B83009B9DBA /* EditorViewModel.swift in Sources */ = {isa = PBXBuildFile; fileRef = 969AEF3226413B83009B9DBA /* EditorViewModel.swift */; };
		969AEF362641501F009B9DBA /* BasicDataManager.swift in Sources */ = {isa = PBXBuildFile; fileRef = 969AEF352641501F009B9DBA /* BasicDataManager.swift */; };
		96EF8BE92632E0D50089AC5A /* AppDelegate.swift in Sources */ = {isa = PBXBuildFile; fileRef = 96EF8BE82632E0D50089AC5A /* AppDelegate.swift */; };
		96EF8BEB2632E0D50089AC5A /* SceneDelegate.swift in Sources */ = {isa = PBXBuildFile; fileRef = 96EF8BEA2632E0D50089AC5A /* SceneDelegate.swift */; };
		96EF8BED2632E0D50089AC5A /* ViewController.swift in Sources */ = {isa = PBXBuildFile; fileRef = 96EF8BEC2632E0D50089AC5A /* ViewController.swift */; };
		96EF8BF02632E0D50089AC5A /* Main.storyboard in Resources */ = {isa = PBXBuildFile; fileRef = 96EF8BEE2632E0D50089AC5A /* Main.storyboard */; };
		96EF8BF22632E0D60089AC5A /* Assets.xcassets in Resources */ = {isa = PBXBuildFile; fileRef = 96EF8BF12632E0D60089AC5A /* Assets.xcassets */; };
		96EF8BF52632E0D60089AC5A /* LaunchScreen.storyboard in Resources */ = {isa = PBXBuildFile; fileRef = 96EF8BF32632E0D60089AC5A /* LaunchScreen.storyboard */; };
		96F2F2A0263815310055FDC0 /* EditorViewController.swift in Sources */ = {isa = PBXBuildFile; fileRef = 96F2F29F263815310055FDC0 /* EditorViewController.swift */; };
/* End PBXBuildFile section */

/* Begin PBXFileReference section */
		965BD3C426412F8000CFBCC5 /* Array+safe.swift */ = {isa = PBXFileReference; lastKnownFileType = sourcecode.swift; path = "Array+safe.swift"; sourceTree = "<group>"; };
		96743581263AC32700914AEB /* ViewModel.swift */ = {isa = PBXFileReference; lastKnownFileType = sourcecode.swift; path = ViewModel.swift; sourceTree = "<group>"; };
		969AEF3226413B83009B9DBA /* EditorViewModel.swift */ = {isa = PBXFileReference; lastKnownFileType = sourcecode.swift; path = EditorViewModel.swift; sourceTree = "<group>"; };
		969AEF352641501F009B9DBA /* BasicDataManager.swift */ = {isa = PBXFileReference; lastKnownFileType = sourcecode.swift; path = BasicDataManager.swift; sourceTree = "<group>"; };
		96EF8BE52632E0D50089AC5A /* Raccoon.app */ = {isa = PBXFileReference; explicitFileType = wrapper.application; includeInIndex = 0; path = Raccoon.app; sourceTree = BUILT_PRODUCTS_DIR; };
		96EF8BE82632E0D50089AC5A /* AppDelegate.swift */ = {isa = PBXFileReference; lastKnownFileType = sourcecode.swift; path = AppDelegate.swift; sourceTree = "<group>"; };
		96EF8BEA2632E0D50089AC5A /* SceneDelegate.swift */ = {isa = PBXFileReference; lastKnownFileType = sourcecode.swift; path = SceneDelegate.swift; sourceTree = "<group>"; };
		96EF8BEC2632E0D50089AC5A /* ViewController.swift */ = {isa = PBXFileReference; lastKnownFileType = sourcecode.swift; path = ViewController.swift; sourceTree = "<group>"; };
		96EF8BEF2632E0D50089AC5A /* Base */ = {isa = PBXFileReference; lastKnownFileType = file.storyboard; name = Base; path = Base.lproj/Main.storyboard; sourceTree = "<group>"; };
		96EF8BF12632E0D60089AC5A /* Assets.xcassets */ = {isa = PBXFileReference; lastKnownFileType = folder.assetcatalog; path = Assets.xcassets; sourceTree = "<group>"; };
		96EF8BF42632E0D60089AC5A /* Base */ = {isa = PBXFileReference; lastKnownFileType = file.storyboard; name = Base; path = Base.lproj/LaunchScreen.storyboard; sourceTree = "<group>"; };
		96EF8BF62632E0D60089AC5A /* Info.plist */ = {isa = PBXFileReference; lastKnownFileType = text.plist.xml; path = Info.plist; sourceTree = "<group>"; };
		96F2F29F263815310055FDC0 /* EditorViewController.swift */ = {isa = PBXFileReference; lastKnownFileType = sourcecode.swift; path = EditorViewController.swift; sourceTree = "<group>"; };
/* End PBXFileReference section */

/* Begin PBXFrameworksBuildPhase section */
		96EF8BE22632E0D50089AC5A /* Frameworks */ = {
			isa = PBXFrameworksBuildPhase;
			buildActionMask = 2147483647;
			files = (
			);
			runOnlyForDeploymentPostprocessing = 0;
		};
/* End PBXFrameworksBuildPhase section */

/* Begin PBXGroup section */
		965BD3C126412EC800CFBCC5 /* ViewControllers */ = {
			isa = PBXGroup;
			children = (
				96F2F29F263815310055FDC0 /* EditorViewController.swift */,
				96EF8BEC2632E0D50089AC5A /* ViewController.swift */,
			);
			path = ViewControllers;
			sourceTree = "<group>";
		};
		965BD3C226412EF900CFBCC5 /* ViewModels */ = {
			isa = PBXGroup;
			children = (
				96743581263AC32700914AEB /* ViewModel.swift */,
				969AEF3226413B83009B9DBA /* EditorViewModel.swift */,
			);
			path = ViewModels;
			sourceTree = "<group>";
		};
		965BD3C326412F3300CFBCC5 /* Extensions */ = {
			isa = PBXGroup;
			children = (
				965BD3C426412F8000CFBCC5 /* Array+safe.swift */,
			);
			path = Extensions;
			sourceTree = "<group>";
		};
		96EF8BDC2632E0D50089AC5A = {
			isa = PBXGroup;
			children = (
				96EF8BE72632E0D50089AC5A /* Raccoon */,
				96EF8BE62632E0D50089AC5A /* Products */,
			);
			sourceTree = "<group>";
		};
		96EF8BE62632E0D50089AC5A /* Products */ = {
			isa = PBXGroup;
			children = (
				96EF8BE52632E0D50089AC5A /* Raccoon.app */,
			);
			name = Products;
			sourceTree = "<group>";
		};
		96EF8BE72632E0D50089AC5A /* Raccoon */ = {
			isa = PBXGroup;
			children = (
				965BD3C326412F3300CFBCC5 /* Extensions */,
				965BD3C226412EF900CFBCC5 /* ViewModels */,
				965BD3C126412EC800CFBCC5 /* ViewControllers */,
				96EF8BE82632E0D50089AC5A /* AppDelegate.swift */,
				96EF8BEA2632E0D50089AC5A /* SceneDelegate.swift */,
				96EF8BEE2632E0D50089AC5A /* Main.storyboard */,
				96EF8BF12632E0D60089AC5A /* Assets.xcassets */,
				96EF8BF32632E0D60089AC5A /* LaunchScreen.storyboard */,
				96EF8BF62632E0D60089AC5A /* Info.plist */,
				969AEF352641501F009B9DBA /* BasicDataManager.swift */,
			);
			path = Raccoon;
			sourceTree = "<group>";
		};
/* End PBXGroup section */

/* Begin PBXNativeTarget section */
		96EF8BE42632E0D50089AC5A /* Raccoon */ = {
			isa = PBXNativeTarget;
			buildConfigurationList = 96EF8BF92632E0D60089AC5A /* Build configuration list for PBXNativeTarget "Raccoon" */;
			buildPhases = (
				96EF8BE12632E0D50089AC5A /* Sources */,
				96EF8BE22632E0D50089AC5A /* Frameworks */,
				96EF8BE32632E0D50089AC5A /* Resources */,
			);
			buildRules = (
			);
			dependencies = (
			);
			name = Raccoon;
			productName = Raccoon;
			productReference = 96EF8BE52632E0D50089AC5A /* Raccoon.app */;
			productType = "com.apple.product-type.application";
		};
/* End PBXNativeTarget section */

/* Begin PBXProject section */
		96EF8BDD2632E0D50089AC5A /* Project object */ = {
			isa = PBXProject;
			attributes = {
				LastSwiftUpdateCheck = 1240;
				LastUpgradeCheck = 1240;
				TargetAttributes = {
					96EF8BE42632E0D50089AC5A = {
						CreatedOnToolsVersion = 12.4;
					};
				};
			};
			buildConfigurationList = 96EF8BE02632E0D50089AC5A /* Build configuration list for PBXProject "Raccoon" */;
			compatibilityVersion = "Xcode 9.3";
			developmentRegion = en;
			hasScannedForEncodings = 0;
			knownRegions = (
				en,
				Base,
			);
			mainGroup = 96EF8BDC2632E0D50089AC5A;
			productRefGroup = 96EF8BE62632E0D50089AC5A /* Products */;
			projectDirPath = "";
			projectRoot = "";
			targets = (
				96EF8BE42632E0D50089AC5A /* Raccoon */,
			);
		};
/* End PBXProject section */

/* Begin PBXResourcesBuildPhase section */
		96EF8BE32632E0D50089AC5A /* Resources */ = {
			isa = PBXResourcesBuildPhase;
			buildActionMask = 2147483647;
			files = (
				96EF8BF52632E0D60089AC5A /* LaunchScreen.storyboard in Resources */,
				96EF8BF22632E0D60089AC5A /* Assets.xcassets in Resources */,
				96EF8BF02632E0D50089AC5A /* Main.storyboard in Resources */,
			);
			runOnlyForDeploymentPostprocessing = 0;
		};
/* End PBXResourcesBuildPhase section */

/* Begin PBXSourcesBuildPhase section */
		96EF8BE12632E0D50089AC5A /* Sources */ = {
			isa = PBXSourcesBuildPhase;
			buildActionMask = 2147483647;
			files = (
				969AEF3326413B83009B9DBA /* EditorViewModel.swift in Sources */,
				969AEF362641501F009B9DBA /* BasicDataManager.swift in Sources */,
				965BD3C526412F8000CFBCC5 /* Array+safe.swift in Sources */,
				96743582263AC32700914AEB /* ViewModel.swift in Sources */,
				96EF8BED2632E0D50089AC5A /* ViewController.swift in Sources */,
				96EF8BE92632E0D50089AC5A /* AppDelegate.swift in Sources */,
				96F2F2A0263815310055FDC0 /* EditorViewController.swift in Sources */,
				96EF8BEB2632E0D50089AC5A /* SceneDelegate.swift in Sources */,
			);
			runOnlyForDeploymentPostprocessing = 0;
		};
/* End PBXSourcesBuildPhase section */

/* Begin PBXVariantGroup section */
		96EF8BEE2632E0D50089AC5A /* Main.storyboard */ = {
			isa = PBXVariantGroup;
			children = (
				96EF8BEF2632E0D50089AC5A /* Base */,
			);
			name = Main.storyboard;
			sourceTree = "<group>";
		};
		96EF8BF32632E0D60089AC5A /* LaunchScreen.storyboard */ = {
			isa = PBXVariantGroup;
			children = (
				96EF8BF42632E0D60089AC5A /* Base */,
			);
			name = LaunchScreen.storyboard;
			sourceTree = "<group>";
		};
/* End PBXVariantGroup section */

/* Begin XCBuildConfiguration section */
		96EF8BF72632E0D60089AC5A /* Debug */ = {
			isa = XCBuildConfiguration;
			buildSettings = {
				ALWAYS_SEARCH_USER_PATHS = NO;
				CLANG_ANALYZER_NONNULL = YES;
				CLANG_ANALYZER_NUMBER_OBJECT_CONVERSION = YES_AGGRESSIVE;
				CLANG_CXX_LANGUAGE_STANDARD = "gnu++14";
				CLANG_CXX_LIBRARY = "libc++";
				CLANG_ENABLE_MODULES = YES;
				CLANG_ENABLE_OBJC_ARC = YES;
				CLANG_ENABLE_OBJC_WEAK = YES;
				CLANG_WARN_BLOCK_CAPTURE_AUTORELEASING = YES;
				CLANG_WARN_BOOL_CONVERSION = YES;
				CLANG_WARN_COMMA = YES;
				CLANG_WARN_CONSTANT_CONVERSION = YES;
				CLANG_WARN_DEPRECATED_OBJC_IMPLEMENTATIONS = YES;
				CLANG_WARN_DIRECT_OBJC_ISA_USAGE = YES_ERROR;
				CLANG_WARN_DOCUMENTATION_COMMENTS = YES;
				CLANG_WARN_EMPTY_BODY = YES;
				CLANG_WARN_ENUM_CONVERSION = YES;
				CLANG_WARN_INFINITE_RECURSION = YES;
				CLANG_WARN_INT_CONVERSION = YES;
				CLANG_WARN_NON_LITERAL_NULL_CONVERSION = YES;
				CLANG_WARN_OBJC_IMPLICIT_RETAIN_SELF = YES;
				CLANG_WARN_OBJC_LITERAL_CONVERSION = YES;
				CLANG_WARN_OBJC_ROOT_CLASS = YES_ERROR;
				CLANG_WARN_QUOTED_INCLUDE_IN_FRAMEWORK_HEADER = YES;
				CLANG_WARN_RANGE_LOOP_ANALYSIS = YES;
				CLANG_WARN_STRICT_PROTOTYPES = YES;
				CLANG_WARN_SUSPICIOUS_MOVE = YES;
				CLANG_WARN_UNGUARDED_AVAILABILITY = YES_AGGRESSIVE;
				CLANG_WARN_UNREACHABLE_CODE = YES;
				CLANG_WARN__DUPLICATE_METHOD_MATCH = YES;
				COPY_PHASE_STRIP = NO;
				DEBUG_INFORMATION_FORMAT = dwarf;
				ENABLE_STRICT_OBJC_MSGSEND = YES;
				ENABLE_TESTABILITY = YES;
				GCC_C_LANGUAGE_STANDARD = gnu11;
				GCC_DYNAMIC_NO_PIC = NO;
				GCC_NO_COMMON_BLOCKS = YES;
				GCC_OPTIMIZATION_LEVEL = 0;
				GCC_PREPROCESSOR_DEFINITIONS = (
					"DEBUG=1",
					"$(inherited)",
				);
				GCC_WARN_64_TO_32_BIT_CONVERSION = YES;
				GCC_WARN_ABOUT_RETURN_TYPE = YES_ERROR;
				GCC_WARN_UNDECLARED_SELECTOR = YES;
				GCC_WARN_UNINITIALIZED_AUTOS = YES_AGGRESSIVE;
				GCC_WARN_UNUSED_FUNCTION = YES;
				GCC_WARN_UNUSED_VARIABLE = YES;
				IPHONEOS_DEPLOYMENT_TARGET = 14.4;
				MTL_ENABLE_DEBUG_INFO = INCLUDE_SOURCE;
				MTL_FAST_MATH = YES;
				ONLY_ACTIVE_ARCH = YES;
				SDKROOT = iphoneos;
				SWIFT_ACTIVE_COMPILATION_CONDITIONS = DEBUG;
				SWIFT_OPTIMIZATION_LEVEL = "-Onone";
			};
			name = Debug;
		};
		96EF8BF82632E0D60089AC5A /* Release */ = {
			isa = XCBuildConfiguration;
			buildSettings = {
				ALWAYS_SEARCH_USER_PATHS = NO;
				CLANG_ANALYZER_NONNULL = YES;
				CLANG_ANALYZER_NUMBER_OBJECT_CONVERSION = YES_AGGRESSIVE;
				CLANG_CXX_LANGUAGE_STANDARD = "gnu++14";
				CLANG_CXX_LIBRARY = "libc++";
				CLANG_ENABLE_MODULES = YES;
				CLANG_ENABLE_OBJC_ARC = YES;
				CLANG_ENABLE_OBJC_WEAK = YES;
				CLANG_WARN_BLOCK_CAPTURE_AUTORELEASING = YES;
				CLANG_WARN_BOOL_CONVERSION = YES;
				CLANG_WARN_COMMA = YES;
				CLANG_WARN_CONSTANT_CONVERSION = YES;
				CLANG_WARN_DEPRECATED_OBJC_IMPLEMENTATIONS = YES;
				CLANG_WARN_DIRECT_OBJC_ISA_USAGE = YES_ERROR;
				CLANG_WARN_DOCUMENTATION_COMMENTS = YES;
				CLANG_WARN_EMPTY_BODY = YES;
				CLANG_WARN_ENUM_CONVERSION = YES;
				CLANG_WARN_INFINITE_RECURSION = YES;
				CLANG_WARN_INT_CONVERSION = YES;
				CLANG_WARN_NON_LITERAL_NULL_CONVERSION = YES;
				CLANG_WARN_OBJC_IMPLICIT_RETAIN_SELF = YES;
				CLANG_WARN_OBJC_LITERAL_CONVERSION = YES;
				CLANG_WARN_OBJC_ROOT_CLASS = YES_ERROR;
				CLANG_WARN_QUOTED_INCLUDE_IN_FRAMEWORK_HEADER = YES;
				CLANG_WARN_RANGE_LOOP_ANALYSIS = YES;
				CLANG_WARN_STRICT_PROTOTYPES = YES;
				CLANG_WARN_SUSPICIOUS_MOVE = YES;
				CLANG_WARN_UNGUARDED_AVAILABILITY = YES_AGGRESSIVE;
				CLANG_WARN_UNREACHABLE_CODE = YES;
				CLANG_WARN__DUPLICATE_METHOD_MATCH = YES;
				COPY_PHASE_STRIP = NO;
				DEBUG_INFORMATION_FORMAT = "dwarf-with-dsym";
				ENABLE_NS_ASSERTIONS = NO;
				ENABLE_STRICT_OBJC_MSGSEND = YES;
				GCC_C_LANGUAGE_STANDARD = gnu11;
				GCC_NO_COMMON_BLOCKS = YES;
				GCC_WARN_64_TO_32_BIT_CONVERSION = YES;
				GCC_WARN_ABOUT_RETURN_TYPE = YES_ERROR;
				GCC_WARN_UNDECLARED_SELECTOR = YES;
				GCC_WARN_UNINITIALIZED_AUTOS = YES_AGGRESSIVE;
				GCC_WARN_UNUSED_FUNCTION = YES;
				GCC_WARN_UNUSED_VARIABLE = YES;
				IPHONEOS_DEPLOYMENT_TARGET = 14.4;
				MTL_ENABLE_DEBUG_INFO = NO;
				MTL_FAST_MATH = YES;
				SDKROOT = iphoneos;
				SWIFT_COMPILATION_MODE = wholemodule;
				SWIFT_OPTIMIZATION_LEVEL = "-O";
				VALIDATE_PRODUCT = YES;
			};
			name = Release;
		};
		96EF8BFA2632E0D60089AC5A /* Debug */ = {
			isa = XCBuildConfiguration;
			buildSettings = {
				ASSETCATALOG_COMPILER_APPICON_NAME = AppIcon;
				ASSETCATALOG_COMPILER_GLOBAL_ACCENT_COLOR_NAME = AccentColor;
				CODE_SIGN_STYLE = Automatic;
				INFOPLIST_FILE = Raccoon/Info.plist;
				IPHONEOS_DEPLOYMENT_TARGET = 13.0;
				LD_RUNPATH_SEARCH_PATHS = (
					"$(inherited)",
					"@executable_path/Frameworks",
				);
				PRODUCT_BUNDLE_IDENTIFIER = com.sibers.Raccoon;
				PRODUCT_NAME = "$(TARGET_NAME)";
				SWIFT_VERSION = 5.0;
				TARGETED_DEVICE_FAMILY = "1,2";
			};
			name = Debug;
		};
		96EF8BFB2632E0D60089AC5A /* Release */ = {
			isa = XCBuildConfiguration;
			buildSettings = {
				ASSETCATALOG_COMPILER_APPICON_NAME = AppIcon;
				ASSETCATALOG_COMPILER_GLOBAL_ACCENT_COLOR_NAME = AccentColor;
				CODE_SIGN_STYLE = Automatic;
				INFOPLIST_FILE = Raccoon/Info.plist;
				IPHONEOS_DEPLOYMENT_TARGET = 13.0;
				LD_RUNPATH_SEARCH_PATHS = (
					"$(inherited)",
					"@executable_path/Frameworks",
				);
				PRODUCT_BUNDLE_IDENTIFIER = com.sibers.Raccoon;
				PRODUCT_NAME = "$(TARGET_NAME)";
				SWIFT_VERSION = 5.0;
				TARGETED_DEVICE_FAMILY = "1,2";
			};
			name = Release;
		};
/* End XCBuildConfiguration section */

/* Begin XCConfigurationList section */
		96EF8BE02632E0D50089AC5A /* Build configuration list for PBXProject "Raccoon" */ = {
			isa = XCConfigurationList;
			buildConfigurations = (
				96EF8BF72632E0D60089AC5A /* Debug */,
				96EF8BF82632E0D60089AC5A /* Release */,
			);
			defaultConfigurationIsVisible = 0;
			defaultConfigurationName = Release;
		};
		96EF8BF92632E0D60089AC5A /* Build configuration list for PBXNativeTarget "Raccoon" */ = {
			isa = XCConfigurationList;
			buildConfigurations = (
				96EF8BFA2632E0D60089AC5A /* Debug */,
				96EF8BFB2632E0D60089AC5A /* Release */,
			);
			defaultConfigurationIsVisible = 0;
			defaultConfigurationName = Release;
		};
/* End XCConfigurationList section */
	};
	rootObject = 96EF8BDD2632E0D50089AC5A /* Project object */;
}
